<?xml version="1.0" encoding="utf-8"?>
<Project ToolsVersion="4.0" xmlns="http://schemas.microsoft.com/developer/msbuild/2003">
  <ItemGroup>
    <Filter Include="Source Files">
      <UniqueIdentifier>{4FC737F1-C7A5-4376-A066-2A32D752A2FF}</UniqueIdentifier>
      <Extensions>cpp;c;cc;cxx;def;odl;idl;hpj;bat;asm;asmx</Extensions>
    </Filter>
    <Filter Include="Header Files">
      <UniqueIdentifier>{93995380-89BD-4b04-88EB-625FBE52EBFB}</UniqueIdentifier>
      <Extensions>h;hh;hpp;hxx;hm;inl;inc;xsd</Extensions>
    </Filter>
    <Filter Include="Resource Files">
      <UniqueIdentifier>{67DA6AB6-F800-4c08-8B7A-83BB121AAD01}</UniqueIdentifier>
      <Extensions>rc;ico;cur;bmp;dlg;rc2;rct;bin;rgs;gif;jpg;jpeg;jpe;resx;tiff;tif;png;wav;mfcribbon-ms</Extensions>
    </Filter>
    <Filter Include="system">
      <UniqueIdentifier>{6017efdf-e421-4069-a080-2514db2218a2}</UniqueIdentifier>
    </Filter>
    <Filter Include="game">
      <UniqueIdentifier>{b25d6ae5-927e-4e74-ac6f-02c20c8c2332}</UniqueIdentifier>
    </Filter>
  </ItemGroup>
  <ItemGroup>
    <ClCompile Include="actor.cpp">
      <Filter>system</Filter>
    </ClCompile>
    <ClCompile Include="player_input.cpp">
      <Filter>game</Filter>
    </ClCompile>
    <ClCompile Include="actor_factory.cpp">
      <Filter>game</Filter>
    </ClCompile>
    <ClCompile Include="engine.cpp">
      <Filter>system</Filter>
    </ClCompile>
    <ClCompile Include="program.cpp">
      <Filter>system</Filter>
    </ClCompile>
    <ClCompile Include="sprite.cpp">
      <Filter>system</Filter>
    </ClCompile>
  </ItemGroup>
  <ItemGroup>
    <ClInclude Include="actor.h">
      <Filter>system</Filter>
    </ClInclude>
    <ClInclude Include="component.h">
      <Filter>system</Filter>
    </ClInclude>
    <ClInclude Include="renderable.h">
      <Filter>system</Filter>
    </ClInclude>
    <ClInclude Include="actor_factory.h">
      <Filter>game</Filter>
    </ClInclude>
    <ClInclude Include="player_input.h">
      <Filter>game</Filter>
    </ClInclude>
    <ClInclude Include="sprite.h">
      <Filter>system</Filter>
    </ClInclude>
    <ClInclude Include="engine.h">
      <Filter>system</Filter>
    </ClInclude>
    <ClInclude Include="vector2.h">
      <Filter>Header Files</Filter>
    </ClInclude>
  </ItemGroup>
</Project>